
Microsoft Visual Studio Solution File, Format Version 12.00
# Visual Studio Version 16
VisualStudioVersion = 16.0.31702.278
MinimumVisualStudioVersion = 10.0.40219.1
Project("{FAE04EC0-301F-11D3-BF4B-00C04F79EFBC}") = "MVCMailSending_0", "MVCMailSending_0\MVCMailSending_0.csproj", "{10C46EFF-3557-48D2-8056-553081F02EF0}"
EndProject
Global
	GlobalSection(SolutionConfigurationPlatforms) = preSolution
		Debug|Any CPU = Debug|Any CPU
		Release|Any CPU = Release|Any CPU
	EndGlobalSection
	GlobalSection(ProjectConfigurationPlatforms) = postSolution
		{10C46EFF-3557-48D2-8056-553081F02EF0}.Debug|Any CPU.ActiveCfg = Debug|Any CPU
		{10C46EFF-3557-48D2-8056-553081F02EF0}.Debug|Any CPU.Build.0 = Debug|Any CPU
		{10C46EFF-3557-48D2-8056-553081F02EF0}.Release|Any CPU.ActiveCfg = Release|Any CPU
		{10C46EFF-3557-48D2-8056-553081F02EF0}.Release|Any CPU.Build.0 = Release|Any CPU
	EndGlobalSection
	GlobalSection(SolutionProperties) = preSolution
		HideSolutionNode = FALSE
	EndGlobalSection
	GlobalSection(ExtensibilityGlobals) = postSolution
		SolutionGuid = {F0DDF345-D70D-4F1C-BDC1-A80D8A22FFFD}
	EndGlobalSection
EndGlobal
